// !$*UTF8*$!
{
	archiveVersion = 1;
	classes = {
	};
	objectVersion = 42;
	objects = {

/* Begin PBXBuildFile section */
		8DD76F790486A8DE00D96B5E /* CoreFoundation.framework in Frameworks */ = {isa = PBXBuildFile; fileRef = 09AB6884FE841BABC02AAC07 /* CoreFoundation.framework */; };
		9E4851E515BB61AB00EC4D04 /* main.m in Sources */ = {isa = PBXBuildFile; fileRef = 9E4851E415BB61AB00EC4D04 /* main.m */; };
		9E4851EA15BB61E300EC4D04 /* Carbon.framework in Frameworks */ = {isa = PBXBuildFile; fileRef = 9E4851E715BB61E300EC4D04 /* Carbon.framework */; };
		9E4851EB15BB61E300EC4D04 /* AppKit.framework in Frameworks */ = {isa = PBXBuildFile; fileRef = 9E4851E815BB61E300EC4D04 /* AppKit.framework */; };
		9E4851EC15BB61E300EC4D04 /* Cocoa.framework in Frameworks */ = {isa = PBXBuildFile; fileRef = 9E4851E915BB61E300EC4D04 /* Cocoa.framework */; };
		9EC1128715BB60DF00CC2E25 /* Security.framework in Frameworks */ = {isa = PBXBuildFile; fileRef = 9EC1128615BB60DF00CC2E25 /* Security.framework */; };
/* End PBXBuildFile section */

/* Begin PBXBuildRule section */
		6DFDB3080929218F002C3818 /* PBXBuildRule */ = {
			isa = PBXBuildRule;
			compilerSpec = com.apple.compilers.gcc.3_3;
			fileType = sourcecode.c;
			isEditable = 1;
			outputFiles = (
			);
		};
		6DFDB30909292196002C3818 /* PBXBuildRule */ = {
			isa = PBXBuildRule;
			compilerSpec = com.apple.compilers.gcc.3_3;
			fileType = sourcecode.cpp;
			isEditable = 1;
			outputFiles = (
			);
		};
/* End PBXBuildRule section */

/* Begin PBXCopyFilesBuildPhase section */
		8DD76F7B0486A8DE00D96B5E /* CopyFiles */ = {
			isa = PBXCopyFilesBuildPhase;
			buildActionMask = 8;
			dstPath = "";
			dstSubfolderSpec = 0;
			files = (
			);
			runOnlyForDeploymentPostprocessing = 1;
		};
/* End PBXCopyFilesBuildPhase section */

/* Begin PBXFileReference section */
		09AB6884FE841BABC02AAC07 /* CoreFoundation.framework */ = {isa = PBXFileReference; lastKnownFileType = wrapper.framework; name = CoreFoundation.framework; path = /System/Library/Frameworks/CoreFoundation.framework; sourceTree = "<absolute>"; };
		6D6F218A0916B64F00BC84B7 /* RemoveLoginItem */ = {isa = PBXFileReference; explicitFileType = "compiled.mach-o.executable"; includeInIndex = 0; path = RemoveLoginItem; sourceTree = BUILT_PRODUCTS_DIR; };
		9E4851E415BB61AB00EC4D04 /* main.m */ = {isa = PBXFileReference; fileEncoding = 4; lastKnownFileType = sourcecode.c.objc; path = main.m; sourceTree = "<group>"; };
		9E4851E715BB61E300EC4D04 /* Carbon.framework */ = {isa = PBXFileReference; lastKnownFileType = wrapper.framework; name = Carbon.framework; path = System/Library/Frameworks/Carbon.framework; sourceTree = SDKROOT; };
		9E4851E815BB61E300EC4D04 /* AppKit.framework */ = {isa = PBXFileReference; lastKnownFileType = wrapper.framework; name = AppKit.framework; path = System/Library/Frameworks/AppKit.framework; sourceTree = SDKROOT; };
		9E4851E915BB61E300EC4D04 /* Cocoa.framework */ = {isa = PBXFileReference; lastKnownFileType = wrapper.framework; name = Cocoa.framework; path = System/Library/Frameworks/Cocoa.framework; sourceTree = SDKROOT; };
		9EC1128615BB60DF00CC2E25 /* Security.framework */ = {isa = PBXFileReference; lastKnownFileType = wrapper.framework; name = Security.framework; path = System/Library/Frameworks/Security.framework; sourceTree = SDKROOT; };
/* End PBXFileReference section */

/* Begin PBXFrameworksBuildPhase section */
		8DD76F780486A8DE00D96B5E /* Frameworks */ = {
			isa = PBXFrameworksBuildPhase;
			buildActionMask = 2147483647;
			files = (
				8DD76F790486A8DE00D96B5E /* CoreFoundation.framework in Frameworks */,
				9EC1128715BB60DF00CC2E25 /* Security.framework in Frameworks */,
				9E4851EA15BB61E300EC4D04 /* Carbon.framework in Frameworks */,
				9E4851EB15BB61E300EC4D04 /* AppKit.framework in Frameworks */,
				9E4851EC15BB61E300EC4D04 /* Cocoa.framework in Frameworks */,
			);
			runOnlyForDeploymentPostprocessing = 0;
		};
/* End PBXFrameworksBuildPhase section */

/* Begin PBXGroup section */
		08FB7794FE84155DC02AAC07 /* NoKSA */ = {
			isa = PBXGroup;
			children = (
				08FB7795FE84155DC02AAC07 /* Source */,
				08FB779DFE84155DC02AAC07 /* External Frameworks and Libraries */,
				9EEC47C914F2A35B00FFD65A /* Products */,
			);
			name = NoKSA;
			sourceTree = "<group>";
		};
		08FB7795FE84155DC02AAC07 /* Source */ = {
			isa = PBXGroup;
			children = (
				9E4851E415BB61AB00EC4D04 /* main.m */,
			);
			name = Source;
			sourceTree = "<group>";
		};
		08FB779DFE84155DC02AAC07 /* External Frameworks and Libraries */ = {
			isa = PBXGroup;
			children = (
				9E4851E715BB61E300EC4D04 /* Carbon.framework */,
				9E4851E815BB61E300EC4D04 /* AppKit.framework */,
				9E4851E915BB61E300EC4D04 /* Cocoa.framework */,
				9EC1128615BB60DF00CC2E25 /* Security.framework */,
				09AB6884FE841BABC02AAC07 /* CoreFoundation.framework */,
			);
			name = "External Frameworks and Libraries";
			sourceTree = "<group>";
		};
		9EEC47C914F2A35B00FFD65A /* Products */ = {
			isa = PBXGroup;
			children = (
				6D6F218A0916B64F00BC84B7 /* RemoveLoginItem */,
			);
			name = Products;
			sourceTree = "<group>";
		};
/* End PBXGroup section */

/* Begin PBXNativeTarget section */
		8DD76F740486A8DE00D96B5E /* RemoveLoginItem */ = {
			isa = PBXNativeTarget;
			buildConfigurationList = 6D018D9B08D731DD00AAD9A4 /* Build configuration list for PBXNativeTarget "RemoveLoginItem" */;
			buildPhases = (
				8DD76F760486A8DE00D96B5E /* Sources */,
				8DD76F780486A8DE00D96B5E /* Frameworks */,
				8DD76F7B0486A8DE00D96B5E /* CopyFiles */,
			);
			buildRules = (
				6DFDB30909292196002C3818 /* PBXBuildRule */,
				6DFDB3080929218F002C3818 /* PBXBuildRule */,
			);
			dependencies = (
			);
			name = RemoveLoginItem;
			productInstallPath = "$(HOME)/bin";
			productName = NoKSA;
			productReference = 6D6F218A0916B64F00BC84B7 /* RemoveLoginItem */;
			productType = "com.apple.product-type.tool";
		};
/* End PBXNativeTarget section */

/* Begin PBXProject section */
		08FB7793FE84155DC02AAC07 /* Project object */ = {
			isa = PBXProject;
			buildConfigurationList = 6D018D9F08D731DD00AAD9A4 /* Build configuration list for PBXProject "RemoveLoginItem" */;
			compatibilityVersion = "Xcode 2.4";
			developmentRegion = English;
			hasScannedForEncodings = 1;
			knownRegions = (
				en,
			);
			mainGroup = 08FB7794FE84155DC02AAC07 /* NoKSA */;
			productRefGroup = 08FB7794FE84155DC02AAC07 /* NoKSA */;
			projectDirPath = "";
			projectRoot = "";
			targets = (
				8DD76F740486A8DE00D96B5E /* RemoveLoginItem */,
			);
		};
/* End PBXProject section */

/* Begin PBXSourcesBuildPhase section */
		8DD76F760486A8DE00D96B5E /* Sources */ = {
			isa = PBXSourcesBuildPhase;
			buildActionMask = 2147483647;
			files = (
				9E4851E515BB61AB00EC4D04 /* main.m in Sources */,
			);
			runOnlyForDeploymentPostprocessing = 0;
		};
/* End PBXSourcesBuildPhase section */

/* Begin XCBuildConfiguration section */
		6D018D9C08D731DD00AAD9A4 /* Debug */ = {
			isa = XCBuildConfiguration;
			buildSettings = {
				ARCHS = "$(ARCHS_STANDARD_32_BIT_PRE_XCODE_3_1)";
				ARCHS_STANDARD_32_BIT_PRE_XCODE_3_1 = "ppc i386";
				COPY_PHASE_STRIP = NO;
				DEPLOYMENT_LOCATION = YES;
				DEPLOYMENT_POSTPROCESSING = YES;
				DSTROOT = "/Applications/IntelliTools/IntelliKeys USB/Private";
				GCC_DYNAMIC_NO_PIC = NO;
				GCC_ENABLE_FIX_AND_CONTINUE = YES;
				GCC_GENERATE_DEBUGGING_SYMBOLS = YES;
				GCC_MODEL_TUNING = G5;
				GCC_OPTIMIZATION_LEVEL = 0;
				GCC_WARN_ABOUT_RETURN_TYPE = YES;
				GCC_WARN_UNUSED_VARIABLE = YES;
				INSTALL_PATH = /;
				MACOSX_DEPLOYMENT_TARGET = 10.5;
				PREBINDING = NO;
				PRODUCT_NAME = RemoveLoginItem;
				SDKROOT = /Developer/SDKs/MacOSX10.5.sdk;
				ZERO_LINK = YES;
			};
			name = Debug;
		};
		6D018D9D08D731DD00AAD9A4 /* Release */ = {
			isa = XCBuildConfiguration;
			buildSettings = {
				ARCHS = "$(ARCHS_STANDARD_32_BIT_PRE_XCODE_3_1)";
				ARCHS_STANDARD_32_BIT_PRE_XCODE_3_1 = "ppc i386";
				COPY_PHASE_STRIP = YES;
				DEPLOYMENT_LOCATION = YES;
				DEPLOYMENT_POSTPROCESSING = YES;
				DSTROOT = "/Applications/IntelliTools/IntelliKeys USB/Private";
				GCC_ENABLE_FIX_AND_CONTINUE = NO;
				GCC_GENERATE_DEBUGGING_SYMBOLS = NO;
				GCC_MODEL_TUNING = G5;
				GCC_WARN_ABOUT_RETURN_TYPE = YES;
				GCC_WARN_UNUSED_VARIABLE = YES;
				INSTALL_PATH = /;
				MACOSX_DEPLOYMENT_TARGET = 10.5;
				PREBINDING = NO;
				PRODUCT_NAME = RemoveLoginItem;
				SDKROOT = /Developer/SDKs/MacOSX10.5.sdk;
				ZERO_LINK = NO;
			};
			name = Release;
		};
		6D018D9E08D731DD00AAD9A4 /* Default */ = {
			isa = XCBuildConfiguration;
			buildSettings = {
				ARCHS = "$(ARCHS_STANDARD_32_BIT_PRE_XCODE_3_1)";
				ARCHS_STANDARD_32_BIT_PRE_XCODE_3_1 = "ppc i386";
				COPY_PHASE_STRIP = NO;
				DEPLOYMENT_LOCATION = YES;
				DEPLOYMENT_POSTPROCESSING = YES;
				DSTROOT = "/Applications/IntelliTools/IntelliKeys USB/Private";
				GCC_GENERATE_DEBUGGING_SYMBOLS = NO;
				GCC_MODEL_TUNING = G5;
				GCC_WARN_ABOUT_RETURN_TYPE = YES;
				GCC_WARN_UNUSED_VARIABLE = YES;
				INSTALL_PATH = /;
				MACOSX_DEPLOYMENT_TARGET = 10.5;
				PREBINDING = NO;
				PRODUCT_NAME = NoKSA;
				SDKROOT = /Developer/SDKs/MacOSX10.5.sdk;
			};
			name = Default;
		};
		6D018DA008D731DD00AAD9A4 /* Debug */ = {
			isa = XCBuildConfiguration;
			buildSettings = {
				DSTROOT = "/Applications/IntelliTools/IntelliKeys USB/Private";
				INSTALL_PATH = /;
				MACOSX_DEPLOYMENT_TARGET = 10.5;
				SDKROOT = /Developer/SDKs/MacOSX10.5.sdk;
			};
			name = Debug;
		};
		6D018DA108D731DD00AAD9A4 /* Release */ = {
			isa = XCBuildConfiguration;
			buildSettings = {
				DSTROOT = "/Applications/IntelliTools/IntelliKeys USB/Private";
				INSTALL_PATH = /;
				MACOSX_DEPLOYMENT_TARGET = 10.5;
				SDKROOT = /Developer/SDKs/MacOSX10.5.sdk;
			};
			name = Release;
		};
		6D018DA208D731DD00AAD9A4 /* Default */ = {
			isa = XCBuildConfiguration;
			buildSettings = {
				DSTROOT = "/Applications/IntelliTools/IntelliKeys USB/Private";
				INSTALL_PATH = /;
				MACOSX_DEPLOYMENT_TARGET = 10.5;
				SDKROOT = /Developer/SDKs/MacOSX10.5.sdk;
			};
			name = Default;
		};
/* End XCBuildConfiguration section */

/* Begin XCConfigurationList section */
		6D018D9B08D731DD00AAD9A4 /* Build configuration list for PBXNativeTarget "RemoveLoginItem" */ = {
			isa = XCConfigurationList;
			buildConfigurations = (
				6D018D9C08D731DD00AAD9A4 /* Debug */,
				6D018D9D08D731DD00AAD9A4 /* Release */,
				6D018D9E08D731DD00AAD9A4 /* Default */,
			);
			defaultConfigurationIsVisible = 0;
			defaultConfigurationName = Default;
		};
		6D018D9F08D731DD00AAD9A4 /* Build configuration list for PBXProject "RemoveLoginItem" */ = {
			isa = XCConfigurationList;
			buildConfigurations = (
				6D018DA008D731DD00AAD9A4 /* Debug */,
				6D018DA108D731DD00AAD9A4 /* Release */,
				6D018DA208D731DD00AAD9A4 /* Default */,
			);
			defaultConfigurationIsVisible = 0;
			defaultConfigurationName = Default;
		};
/* End XCConfigurationList section */
	};
	rootObject = 08FB7793FE84155DC02AAC07 /* Project object */;
}
