
Microsoft Visual Studio Solution File, Format Version 12.00
# Visual Studio 15
VisualStudioVersion = 15.0.28307.329
MinimumVisualStudioVersion = 10.0.40219.1
Project("{8BC9CEB8-8B4A-11D0-8D11-00A0C91BC942}") = "ikusb", "ikusb.vcxproj", "{DB7BD9A8-028B-45F4-9633-A0BCA552C09F}"
EndProject
Global
	GlobalSection(SolutionConfigurationPlatforms) = preSolution
		Debug|ARM = Debug|ARM
		Debug|ARM64 = Debug|ARM64
		Debug|x64 = Debug|x64
		Debug|x86 = Debug|x86
		Release|ARM = Release|ARM
		Release|ARM64 = Release|ARM64
		Release|x64 = Release|x64
		Release|x86 = Release|x86
	EndGlobalSection
	GlobalSection(ProjectConfigurationPlatforms) = postSolution
		{DB7BD9A8-028B-45F4-9633-A0BCA552C09F}.Debug|ARM.ActiveCfg = Debug|ARM
		{DB7BD9A8-028B-45F4-9633-A0BCA552C09F}.Debug|ARM.Build.0 = Debug|ARM
		{DB7BD9A8-028B-45F4-9633-A0BCA552C09F}.Debug|ARM.Deploy.0 = Debug|ARM
		{DB7BD9A8-028B-45F4-9633-A0BCA552C09F}.Debug|ARM64.ActiveCfg = Debug|ARM64
		{DB7BD9A8-028B-45F4-9633-A0BCA552C09F}.Debug|ARM64.Build.0 = Debug|ARM64
		{DB7BD9A8-028B-45F4-9633-A0BCA552C09F}.Debug|ARM64.Deploy.0 = Debug|ARM64
		{DB7BD9A8-028B-45F4-9633-A0BCA552C09F}.Debug|x64.ActiveCfg = Debug|x64
		{DB7BD9A8-028B-45F4-9633-A0BCA552C09F}.Debug|x64.Build.0 = Debug|x64
		{DB7BD9A8-028B-45F4-9633-A0BCA552C09F}.Debug|x64.Deploy.0 = Debug|x64
		{DB7BD9A8-028B-45F4-9633-A0BCA552C09F}.Debug|x86.ActiveCfg = Debug|Win32
		{DB7BD9A8-028B-45F4-9633-A0BCA552C09F}.Debug|x86.Build.0 = Debug|Win32
		{DB7BD9A8-028B-45F4-9633-A0BCA552C09F}.Debug|x86.Deploy.0 = Debug|Win32
		{DB7BD9A8-028B-45F4-9633-A0BCA552C09F}.Release|ARM.ActiveCfg = Release|ARM
		{DB7BD9A8-028B-45F4-9633-A0BCA552C09F}.Release|ARM.Build.0 = Release|ARM
		{DB7BD9A8-028B-45F4-9633-A0BCA552C09F}.Release|ARM.Deploy.0 = Release|ARM
		{DB7BD9A8-028B-45F4-9633-A0BCA552C09F}.Release|ARM64.ActiveCfg = Release|ARM64
		{DB7BD9A8-028B-45F4-9633-A0BCA552C09F}.Release|ARM64.Build.0 = Release|ARM64
		{DB7BD9A8-028B-45F4-9633-A0BCA552C09F}.Release|ARM64.Deploy.0 = Release|ARM64
		{DB7BD9A8-028B-45F4-9633-A0BCA552C09F}.Release|x64.ActiveCfg = Release|x64
		{DB7BD9A8-028B-45F4-9633-A0BCA552C09F}.Release|x64.Build.0 = Release|x64
		{DB7BD9A8-028B-45F4-9633-A0BCA552C09F}.Release|x64.Deploy.0 = Release|x64
		{DB7BD9A8-028B-45F4-9633-A0BCA552C09F}.Release|x86.ActiveCfg = Release|Win32
		{DB7BD9A8-028B-45F4-9633-A0BCA552C09F}.Release|x86.Build.0 = Release|Win32
		{DB7BD9A8-028B-45F4-9633-A0BCA552C09F}.Release|x86.Deploy.0 = Release|Win32
	EndGlobalSection
	GlobalSection(SolutionProperties) = preSolution
		HideSolutionNode = FALSE
	EndGlobalSection
	GlobalSection(ExtensibilityGlobals) = postSolution
		SolutionGuid = {5B4CB41E-B1DB-49B6-89AD-D09EA8E25AAD}
	EndGlobalSection
EndGlobal
