
Microsoft Visual Studio Solution File, Format Version 11.00
# Visual Studio 2010
Project("{8BC9CEB8-8B4A-11D0-8D11-00A0C91BC942}") = "Application Library", "..\Application Library\Application Library.vcxproj", "{82C101A7-49D5-ADCE-FF5D-F5E9BBDBC02F}"
EndProject
Project("{8BC9CEB8-8B4A-11D0-8D11-00A0C91BC942}") = "IkeysXfr32", "IkeysXfr32.vcxproj", "{F2CBBC5C-5DB5-F1E4-0C6A-B9EE6A5B9BFE}"
	ProjectSection(ProjectDependencies) = postProject
		{7F146533-B7BE-ACDF-8FAA-B5FBA5385431} = {7F146533-B7BE-ACDF-8FAA-B5FBA5385431}
		{82C101A7-49D5-ADCE-FF5D-F5E9BBDBC02F} = {82C101A7-49D5-ADCE-FF5D-F5E9BBDBC02F}
	EndProjectSection
EndProject
Project("{8BC9CEB8-8B4A-11D0-8D11-00A0C91BC942}") = "MessageClient", "..\Message Client\MessageClient.vcxproj", "{7F146533-B7BE-ACDF-8FAA-B5FBA5385431}"
EndProject
Global
	GlobalSection(SolutionConfigurationPlatforms) = preSolution
		Debug|Win32 = Debug|Win32
		Release|Win32 = Release|Win32
		Template|Win32 = Template|Win32
	EndGlobalSection
	GlobalSection(ProjectConfigurationPlatforms) = postSolution
		{82C101A7-49D5-ADCE-FF5D-F5E9BBDBC02F}.Debug|Win32.ActiveCfg = Debug|Win32
		{82C101A7-49D5-ADCE-FF5D-F5E9BBDBC02F}.Debug|Win32.Build.0 = Debug|Win32
		{82C101A7-49D5-ADCE-FF5D-F5E9BBDBC02F}.Release|Win32.ActiveCfg = Release|Win32
		{82C101A7-49D5-ADCE-FF5D-F5E9BBDBC02F}.Release|Win32.Build.0 = Release|Win32
		{82C101A7-49D5-ADCE-FF5D-F5E9BBDBC02F}.Template|Win32.ActiveCfg = Release|Win32
		{82C101A7-49D5-ADCE-FF5D-F5E9BBDBC02F}.Template|Win32.Build.0 = Release|Win32
		{F2CBBC5C-5DB5-F1E4-0C6A-B9EE6A5B9BFE}.Debug|Win32.ActiveCfg = Debug|Win32
		{F2CBBC5C-5DB5-F1E4-0C6A-B9EE6A5B9BFE}.Debug|Win32.Build.0 = Debug|Win32
		{F2CBBC5C-5DB5-F1E4-0C6A-B9EE6A5B9BFE}.Release|Win32.ActiveCfg = Release|Win32
		{F2CBBC5C-5DB5-F1E4-0C6A-B9EE6A5B9BFE}.Release|Win32.Build.0 = Release|Win32
		{F2CBBC5C-5DB5-F1E4-0C6A-B9EE6A5B9BFE}.Template|Win32.ActiveCfg = Template|Win32
		{F2CBBC5C-5DB5-F1E4-0C6A-B9EE6A5B9BFE}.Template|Win32.Build.0 = Template|Win32
		{7F146533-B7BE-ACDF-8FAA-B5FBA5385431}.Debug|Win32.ActiveCfg = Debug|Win32
		{7F146533-B7BE-ACDF-8FAA-B5FBA5385431}.Debug|Win32.Build.0 = Debug|Win32
		{7F146533-B7BE-ACDF-8FAA-B5FBA5385431}.Release|Win32.ActiveCfg = Release|Win32
		{7F146533-B7BE-ACDF-8FAA-B5FBA5385431}.Release|Win32.Build.0 = Release|Win32
		{7F146533-B7BE-ACDF-8FAA-B5FBA5385431}.Template|Win32.ActiveCfg = Template|Win32
		{7F146533-B7BE-ACDF-8FAA-B5FBA5385431}.Template|Win32.Build.0 = Template|Win32
	EndGlobalSection
	GlobalSection(SolutionProperties) = preSolution
		HideSolutionNode = FALSE
	EndGlobalSection
EndGlobal
